PODS:
  - Alamofire (4.9.1)
  - AlamofireNetworkActivityLogger (2.4.0):
    - Alamofire (~> 4.8)
  - BSText (1.1.3):
    - YYImage
  - Bugly (2.6.1)
  - ChatLayout (2.0.10):
    - ChatLayout/Ultimate (= 2.0.10)
  - ChatLayout/Core (2.0.10)
  - ChatLayout/Extras (2.0.10):
    - ChatLayout/Core
  - ChatLayout/Ultimate (2.0.10):
    - ChatLayout/Core
    - ChatLayout/Extras
  - DifferenceKit (1.3.0):
    - DifferenceKit/Core (= 1.3.0)
    - DifferenceKit/UIKitExtension (= 1.3.0)
  - DifferenceKit/Core (1.3.0)
  - DifferenceKit/UIKitExtension (1.3.0):
    - DifferenceKit/Core
  - Differentiator (5.0.0)
  - DynamicColor (5.0.1)
  - FDFullscreenPopGesture (1.1)
  - IGListDiffKit (4.0.0)
  - IGListKit (4.0.0):
    - IGListDiffKit (= 4.0.0)
  - InputBarAccessoryView (6.3.0):
    - InputBarAccessoryView/Core (= 6.3.0)
  - InputBarAccessoryView/Core (6.3.0)
  - ISEmojiView (0.3.4):
    - Kingfisher (= 7.7.0)
  - JXSegmentedView (1.4.1)
  - Kingfisher (7.7.0)
  - Lantern (1.1.5)
  - LiveKitClient (1.1.6):
    - Logging
    - PromisesSwift
    - SwiftProtobuf
    - WebRTC-SDK (~> 114.5735.08)
  - Localize-Swift (3.2.0):
    - Localize-Swift/LocalizeSwiftCore (= 3.2.0)
    - Localize-Swift/UIKit (= 3.2.0)
  - Localize-Swift/LocalizeSwiftCore (3.2.0)
  - Localize-Swift/UIKit (3.2.0):
    - Localize-Swift/LocalizeSwiftCore
  - Logging (1.4.0)
  - lottie-ios (3.5.0)
  - MBProgressHUD (1.2.0)
  - MJExtension (3.4.2)
  - MJRefresh (3.7.9)
  - MMBAlertsPickers (1.1.93)
  - Moya (13.0.1):
    - Moya/Core (= 13.0.1)
  - Moya/Core (13.0.1):
    - Alamofire (~> 4.1)
    - Result (~> 4.1)
  - "NSObject+Rx (5.2.2)":
    - RxSwift (~> 6.2)
  - OpenIMSDK (3.5.1-e-1.1.4):
    - MJExtension
    - OpenIMSDK/Callbacker (= 3.5.1-e-1.1.4)
    - OpenIMSDK/CallbackProxy (= 3.5.1-e-1.1.4)
    - OpenIMSDK/Interface (= 3.5.1-e-1.1.4)
    - OpenIMSDK/Model (= 3.5.1-e-1.1.4)
    - OpenIMSDK/Utils (= 3.5.1-e-1.1.4)
    - Reachability
  - OpenIMSDK/Callbacker (3.5.1-e-1.1.4):
    - MJExtension
    - OpenIMSDK/Model
    - OpenIMSDK/Utils
    - Reachability
  - OpenIMSDK/CallbackProxy (3.5.1-e-1.1.4):
    - MJExtension
    - OpenIMSDK/Utils
    - Reachability
  - OpenIMSDK/Interface (3.5.1-e-1.1.4):
    - MJExtension
    - OpenIMSDK/Callbacker
    - OpenIMSDK/CallbackProxy
    - OpenIMSDK/Model
    - Reachability
  - OpenIMSDK/Model (3.5.1-e-1.1.4):
    - MJExtension
    - OpenIMSDK/Utils
    - Reachability
  - OpenIMSDK/Utils (3.5.1-e-1.1.4):
    - MJExtension
    - Reachability
  - OUICalling (0.0.1):
    - Kingfisher
    - LiveKitClient
    - lottie-ios
    - OpenIMSDK
    - OUICore
    - ProgressHUD
    - Reachability
    - RxCocoa
    - RxSwift
    - SnapKit
  - OUICore (0.0.1):
    - Alamofire (= 4.9.1)
    - Kingfisher
    - Localize-Swift (~> 3.2)
    - lottie-ios (~> 3.0)
    - OpenIMSDK
    - ProgressHUD
    - RxCocoa (~> 6.0)
    - RxDataSources
    - RxKeyboard (~> 2.0)
    - RxSwift (~> 6.5)
    - SnapKit (~> 4.0)
    - ZLPhotoBrowser
  - OUICoreView (0.0.1):
    - Lantern
    - OUICore
    - SnapKit
    - ZFPlayer
    - ZFPlayer/AVPlayer
    - ZFPlayer/ControlView
  - OUIIM (0.0.1):
    - ChatLayout
    - DifferenceKit
    - InputBarAccessoryView
    - ISEmojiView
    - JXSegmentedView
    - MJRefresh
    - OUICalling
    - OUICore
    - OUICoreView
    - OUILive
    - OUIMoments
    - ProgressHUD
    - RxRelay
    - RxSwift
    - SnapKit
  - OUILive (0.0.1):
    - OUICalling
    - OUICore
    - OUICoreView
  - OUIMoments (0.0.1):
    - FDFullscreenPopGesture (= 1.1)
    - IGListKit (= 4.0.0)
    - MJRefresh
    - OUICore
    - OUICoreView
    - ZLPhotoBrowser
  - ProgressHUD (14.1.1)
  - PromisesObjC (2.4.0)
  - PromisesSwift (2.4.0):
    - PromisesObjC (= 2.4.0)
  - QMUIKit (4.5.1):
    - QMUIKit/QMUIComponents (= 4.5.1)
    - QMUIKit/QMUICore (= 4.5.1)
    - QMUIKit/QMUILog (= 4.5.1)
    - QMUIKit/QMUIMainFrame (= 4.5.1)
    - QMUIKit/QMUIResources (= 4.5.1)
    - QMUIKit/QMUIWeakObjectContainer (= 4.5.1)
  - QMUIKit/QMUIComponents (4.5.1):
    - QMUIKit/QMUIComponents/NavigationBarTransition (= 4.5.1)
    - QMUIKit/QMUIComponents/QMUIAlertController (= 4.5.1)
    - QMUIKit/QMUIComponents/QMUIAnimation (= 4.5.1)
    - QMUIKit/QMUIComponents/QMUIAppearance (= 4.5.1)
    - QMUIKit/QMUIComponents/QMUIAssetLibrary (= 4.5.1)
    - QMUIKit/QMUIComponents/QMUIBadge (= 4.5.1)
    - QMUIKit/QMUIComponents/QMUIButton (= 4.5.1)
    - QMUIKit/QMUIComponents/QMUICAAnimationExtension (= 4.5.1)
    - QMUIKit/QMUIComponents/QMUICALayerExtension (= 4.5.1)
    - QMUIKit/QMUIComponents/QMUICellHeightCache (= 4.5.1)
    - QMUIKit/QMUIComponents/QMUICellHeightKeyCache (= 4.5.1)
    - QMUIKit/QMUIComponents/QMUICellSizeKeyCache (= 4.5.1)
    - QMUIKit/QMUIComponents/QMUICollectionViewPagingLayout (= 4.5.1)
    - QMUIKit/QMUIComponents/QMUIConsole (= 4.5.1)
    - QMUIKit/QMUIComponents/QMUIDialogViewController (= 4.5.1)
    - QMUIKit/QMUIComponents/QMUIEmotionInputManager (= 4.5.1)
    - QMUIKit/QMUIComponents/QMUIEmotionView (= 4.5.1)
    - QMUIKit/QMUIComponents/QMUIEmptyView (= 4.5.1)
    - QMUIKit/QMUIComponents/QMUIFloatLayoutView (= 4.5.1)
    - QMUIKit/QMUIComponents/QMUIGridView (= 4.5.1)
    - QMUIKit/QMUIComponents/QMUIImagePickerLibrary (= 4.5.1)
    - QMUIKit/QMUIComponents/QMUIImagePreviewView (= 4.5.1)
    - QMUIKit/QMUIComponents/QMUIKeyboardManager (= 4.5.1)
    - QMUIKit/QMUIComponents/QMUILabel (= 4.5.1)
    - QMUIKit/QMUIComponents/QMUILogManagerViewController (= 4.5.1)
    - QMUIKit/QMUIComponents/QMUILogWithConfigurationSupported (= 4.5.1)
    - QMUIKit/QMUIComponents/QMUIMarqueeLabel (= 4.5.1)
    - QMUIKit/QMUIComponents/QMUIModalPresentationViewController (= 4.5.1)
    - QMUIKit/QMUIComponents/QMUIMoreOperationController (= 4.5.1)
    - QMUIKit/QMUIComponents/QMUIMultipleDelegates (= 4.5.1)
    - QMUIKit/QMUIComponents/QMUINavigationButton (= 4.5.1)
    - QMUIKit/QMUIComponents/QMUINavigationTitleView (= 4.5.1)
    - QMUIKit/QMUIComponents/QMUIOrderedDictionary (= 4.5.1)
    - QMUIKit/QMUIComponents/QMUIPieProgressView (= 4.5.1)
    - QMUIKit/QMUIComponents/QMUIPopupContainerView (= 4.5.1)
    - QMUIKit/QMUIComponents/QMUIPopupMenuView (= 4.5.1)
    - QMUIKit/QMUIComponents/QMUIScrollAnimator (= 4.5.1)
    - QMUIKit/QMUIComponents/QMUISearchBar (= 4.5.1)
    - QMUIKit/QMUIComponents/QMUISearchController (= 4.5.1)
    - QMUIKit/QMUIComponents/QMUISegmentedControl (= 4.5.1)
    - QMUIKit/QMUIComponents/QMUIStaticTableView (= 4.5.1)
    - QMUIKit/QMUIComponents/QMUITableView (= 4.5.1)
    - QMUIKit/QMUIComponents/QMUITableViewCell (= 4.5.1)
    - QMUIKit/QMUIComponents/QMUITableViewHeaderFooterView (= 4.5.1)
    - QMUIKit/QMUIComponents/QMUITableViewProtocols (= 4.5.1)
    - QMUIKit/QMUIComponents/QMUITestView (= 4.5.1)
    - QMUIKit/QMUIComponents/QMUITextField (= 4.5.1)
    - QMUIKit/QMUIComponents/QMUITextView (= 4.5.1)
    - QMUIKit/QMUIComponents/QMUITheme (= 4.5.1)
    - QMUIKit/QMUIComponents/QMUITips (= 4.5.1)
    - QMUIKit/QMUIComponents/QMUIToastView (= 4.5.1)
    - QMUIKit/QMUIComponents/QMUIToolbarButton (= 4.5.1)
    - QMUIKit/QMUIComponents/QMUIWindowSizeMonitor (= 4.5.1)
    - QMUIKit/QMUIComponents/QMUIZoomImageView (= 4.5.1)
    - QMUIKit/QMUICore
  - QMUIKit/QMUIComponents/NavigationBarTransition (4.5.1):
    - QMUIKit/QMUIComponents/QMUINavigationTitleView
    - QMUIKit/QMUICore
    - QMUIKit/QMUIMainFrame
  - QMUIKit/QMUIComponents/QMUIAlertController (4.5.1):
    - QMUIKit/QMUIComponents/QMUIAppearance
    - QMUIKit/QMUIComponents/QMUIButton
    - QMUIKit/QMUIComponents/QMUIKeyboardManager
    - QMUIKit/QMUIComponents/QMUILabel
    - QMUIKit/QMUIComponents/QMUIModalPresentationViewController
    - QMUIKit/QMUIComponents/QMUITextField
    - QMUIKit/QMUICore
  - QMUIKit/QMUIComponents/QMUIAnimation (4.5.1):
    - QMUIKit/QMUICore
  - QMUIKit/QMUIComponents/QMUIAppearance (4.5.1):
    - QMUIKit/QMUICore
  - QMUIKit/QMUIComponents/QMUIAssetLibrary (4.5.1):
    - QMUIKit/QMUICore
  - QMUIKit/QMUIComponents/QMUIBadge (4.5.1):
    - QMUIKit/QMUIComponents/QMUILabel
    - QMUIKit/QMUICore
  - QMUIKit/QMUIComponents/QMUIButton (4.5.1):
    - QMUIKit/QMUICore
  - QMUIKit/QMUIComponents/QMUICAAnimationExtension (4.5.1):
    - QMUIKit/QMUIComponents/QMUIMultipleDelegates
    - QMUIKit/QMUICore
  - QMUIKit/QMUIComponents/QMUICALayerExtension (4.5.1):
    - QMUIKit/QMUIComponents/QMUIMultipleDelegates
    - QMUIKit/QMUICore
  - QMUIKit/QMUIComponents/QMUICellHeightCache (4.5.1):
    - QMUIKit/QMUIComponents/QMUITableViewProtocols
    - QMUIKit/QMUICore
  - QMUIKit/QMUIComponents/QMUICellHeightKeyCache (4.5.1):
    - QMUIKit/QMUIComponents/QMUIMultipleDelegates
    - QMUIKit/QMUIComponents/QMUITableViewProtocols
    - QMUIKit/QMUICore
  - QMUIKit/QMUIComponents/QMUICellSizeKeyCache (4.5.1):
    - QMUIKit/QMUIComponents/QMUIMultipleDelegates
    - QMUIKit/QMUICore
  - QMUIKit/QMUIComponents/QMUICollectionViewPagingLayout (4.5.1):
    - QMUIKit/QMUICore
  - QMUIKit/QMUIComponents/QMUIConsole (4.5.1):
    - QMUIKit/QMUIComponents/QMUIButton
    - QMUIKit/QMUIComponents/QMUICAAnimationExtension
    - QMUIKit/QMUIComponents/QMUICellHeightKeyCache
    - QMUIKit/QMUIComponents/QMUIPopupMenuView
    - QMUIKit/QMUIComponents/QMUITableView
    - QMUIKit/QMUIComponents/QMUITableViewCell
    - QMUIKit/QMUIComponents/QMUITextField
    - QMUIKit/QMUIComponents/QMUITextView
    - QMUIKit/QMUICore
    - QMUIKit/QMUIResources
  - QMUIKit/QMUIComponents/QMUIDialogViewController (4.5.1):
    - QMUIKit/QMUIComponents/QMUIAppearance
    - QMUIKit/QMUIComponents/QMUIButton
    - QMUIKit/QMUIComponents/QMUILabel
    - QMUIKit/QMUIComponents/QMUIModalPresentationViewController
    - QMUIKit/QMUIComponents/QMUINavigationTitleView
    - QMUIKit/QMUIComponents/QMUITableView
    - QMUIKit/QMUIComponents/QMUITableViewCell
    - QMUIKit/QMUIComponents/QMUITextField
    - QMUIKit/QMUICore
    - QMUIKit/QMUIMainFrame
  - QMUIKit/QMUIComponents/QMUIEmotionInputManager (4.5.1):
    - QMUIKit/QMUIComponents/QMUIEmotionView
    - QMUIKit/QMUICore
  - QMUIKit/QMUIComponents/QMUIEmotionView (4.5.1):
    - QMUIKit/QMUIComponents/QMUIButton
    - QMUIKit/QMUICore
    - QMUIKit/QMUIResources
  - QMUIKit/QMUIComponents/QMUIEmptyView (4.5.1):
    - QMUIKit/QMUIComponents/QMUIAppearance
    - QMUIKit/QMUIComponents/QMUIButton
    - QMUIKit/QMUICore
  - QMUIKit/QMUIComponents/QMUIFloatLayoutView (4.5.1):
    - QMUIKit/QMUICore
  - QMUIKit/QMUIComponents/QMUIGridView (4.5.1):
    - QMUIKit/QMUICore
  - QMUIKit/QMUIComponents/QMUIImagePickerLibrary (4.5.1):
    - QMUIKit/QMUIComponents/QMUIAlertController
    - QMUIKit/QMUIComponents/QMUIAppearance
    - QMUIKit/QMUIComponents/QMUIAssetLibrary
    - QMUIKit/QMUIComponents/QMUIButton
    - QMUIKit/QMUIComponents/QMUIEmptyView
    - QMUIKit/QMUIComponents/QMUIImagePreviewView
    - QMUIKit/QMUIComponents/QMUINavigationButton
    - QMUIKit/QMUIComponents/QMUITableViewCell
    - QMUIKit/QMUIComponents/QMUIZoomImageView
    - QMUIKit/QMUICore
    - QMUIKit/QMUIMainFrame
    - QMUIKit/QMUIResources
  - QMUIKit/QMUIComponents/QMUIImagePreviewView (4.5.1):
    - QMUIKit/QMUIComponents/QMUIAppearance
    - QMUIKit/QMUIComponents/QMUIButton
    - QMUIKit/QMUIComponents/QMUICollectionViewPagingLayout
    - QMUIKit/QMUIComponents/QMUIEmptyView
    - QMUIKit/QMUIComponents/QMUIPieProgressView
    - QMUIKit/QMUIComponents/QMUIZoomImageView
    - QMUIKit/QMUICore
    - QMUIKit/QMUIMainFrame
  - QMUIKit/QMUIComponents/QMUIKeyboardManager (4.5.1):
    - QMUIKit/QMUIComponents/QMUIAppearance
    - QMUIKit/QMUIComponents/QMUIMultipleDelegates
    - QMUIKit/QMUICore
  - QMUIKit/QMUIComponents/QMUILabel (4.5.1):
    - QMUIKit/QMUICore
  - QMUIKit/QMUIComponents/QMUILogManagerViewController (4.5.1):
    - QMUIKit/QMUIComponents/QMUIPopupMenuView
    - QMUIKit/QMUIComponents/QMUISearchController
    - QMUIKit/QMUIComponents/QMUIStaticTableView
    - QMUIKit/QMUIComponents/QMUITableView
    - QMUIKit/QMUICore
    - QMUIKit/QMUIMainFrame
  - QMUIKit/QMUIComponents/QMUILogWithConfigurationSupported (4.5.1):
    - QMUIKit/QMUICore
  - QMUIKit/QMUIComponents/QMUIMarqueeLabel (4.5.1):
    - QMUIKit/QMUICore
  - QMUIKit/QMUIComponents/QMUIModalPresentationViewController (4.5.1):
    - QMUIKit/QMUIComponents/QMUIAppearance
    - QMUIKit/QMUIComponents/QMUIKeyboardManager
    - QMUIKit/QMUICore
  - QMUIKit/QMUIComponents/QMUIMoreOperationController (4.5.1):
    - QMUIKit/QMUIComponents/QMUIAppearance
    - QMUIKit/QMUIComponents/QMUIButton
    - QMUIKit/QMUIComponents/QMUIModalPresentationViewController
    - QMUIKit/QMUICore
  - QMUIKit/QMUIComponents/QMUIMultipleDelegates (4.5.1):
    - QMUIKit/QMUICore
  - QMUIKit/QMUIComponents/QMUINavigationButton (4.5.1):
    - QMUIKit/QMUICore
    - QMUIKit/QMUIMainFrame
  - QMUIKit/QMUIComponents/QMUINavigationTitleView (4.5.1):
    - QMUIKit/QMUIComponents/QMUIAppearance
    - QMUIKit/QMUIComponents/QMUIButton
    - QMUIKit/QMUICore
  - QMUIKit/QMUIComponents/QMUIOrderedDictionary (4.5.1):
    - QMUIKit/QMUICore
  - QMUIKit/QMUIComponents/QMUIPieProgressView (4.5.1):
    - QMUIKit/QMUICore
  - QMUIKit/QMUIComponents/QMUIPopupContainerView (4.5.1):
    - QMUIKit/QMUIComponents/QMUIAppearance
    - QMUIKit/QMUICore
    - QMUIKit/QMUIMainFrame
  - QMUIKit/QMUIComponents/QMUIPopupMenuView (4.5.1):
    - QMUIKit/QMUIComponents/QMUIButton
    - QMUIKit/QMUIComponents/QMUIPopupContainerView
    - QMUIKit/QMUICore
  - QMUIKit/QMUIComponents/QMUIScrollAnimator (4.5.1):
    - QMUIKit/QMUIComponents/QMUIMultipleDelegates
    - QMUIKit/QMUICore
  - QMUIKit/QMUIComponents/QMUISearchBar (4.5.1):
    - QMUIKit/QMUICore
  - QMUIKit/QMUIComponents/QMUISearchController (4.5.1):
    - QMUIKit/QMUIComponents/QMUIEmptyView
    - QMUIKit/QMUIComponents/QMUISearchBar
    - QMUIKit/QMUICore
    - QMUIKit/QMUIMainFrame
  - QMUIKit/QMUIComponents/QMUISegmentedControl (4.5.1):
    - QMUIKit/QMUICore
  - QMUIKit/QMUIComponents/QMUIStaticTableView (4.5.1):
    - QMUIKit/QMUIComponents/QMUIMultipleDelegates
    - QMUIKit/QMUIComponents/QMUITableViewCell
    - QMUIKit/QMUICore
  - QMUIKit/QMUIComponents/QMUITableView (4.5.1):
    - QMUIKit/QMUIComponents/QMUITableViewProtocols
    - QMUIKit/QMUICore
  - QMUIKit/QMUIComponents/QMUITableViewCell (4.5.1):
    - QMUIKit/QMUIComponents/QMUIButton
    - QMUIKit/QMUICore
  - QMUIKit/QMUIComponents/QMUITableViewHeaderFooterView (4.5.1):
    - QMUIKit/QMUICore
  - QMUIKit/QMUIComponents/QMUITableViewProtocols (4.5.1):
    - QMUIKit/QMUICore
  - QMUIKit/QMUIComponents/QMUITestView (4.5.1):
    - QMUIKit/QMUICore
  - QMUIKit/QMUIComponents/QMUITextField (4.5.1):
    - QMUIKit/QMUIComponents/QMUIMultipleDelegates
    - QMUIKit/QMUICore
  - QMUIKit/QMUIComponents/QMUITextView (4.5.1):
    - QMUIKit/QMUIComponents/QMUILabel
    - QMUIKit/QMUIComponents/QMUIMultipleDelegates
    - QMUIKit/QMUICore
  - QMUIKit/QMUIComponents/QMUITheme (4.5.1):
    - QMUIKit/QMUIComponents/QMUIAlertController
    - QMUIKit/QMUIComponents/QMUIBadge
    - QMUIKit/QMUIComponents/QMUIButton
    - QMUIKit/QMUIComponents/QMUIConsole
    - QMUIKit/QMUIComponents/QMUIEmotionView
    - QMUIKit/QMUIComponents/QMUIEmptyView
    - QMUIKit/QMUIComponents/QMUIGridView
    - QMUIKit/QMUIComponents/QMUIImagePickerLibrary
    - QMUIKit/QMUIComponents/QMUIImagePreviewView
    - QMUIKit/QMUIComponents/QMUILabel
    - QMUIKit/QMUIComponents/QMUIModalPresentationViewController
    - QMUIKit/QMUIComponents/QMUIPopupContainerView
    - QMUIKit/QMUIComponents/QMUIPopupMenuView
    - QMUIKit/QMUIComponents/QMUITextField
    - QMUIKit/QMUIComponents/QMUITextView
    - QMUIKit/QMUIComponents/QMUIToastView
    - QMUIKit/QMUICore
  - QMUIKit/QMUIComponents/QMUITips (4.5.1):
    - QMUIKit/QMUIComponents/QMUIToastView
    - QMUIKit/QMUICore
    - QMUIKit/QMUIResources
  - QMUIKit/QMUIComponents/QMUIToastView (4.5.1):
    - QMUIKit/QMUIComponents/QMUIKeyboardManager
    - QMUIKit/QMUICore
  - QMUIKit/QMUIComponents/QMUIToolbarButton (4.5.1):
    - QMUIKit/QMUICore
  - QMUIKit/QMUIComponents/QMUIWindowSizeMonitor (4.5.1):
    - QMUIKit/QMUICore
  - QMUIKit/QMUIComponents/QMUIZoomImageView (4.5.1):
    - QMUIKit/QMUIComponents/QMUIAssetLibrary
    - QMUIKit/QMUIComponents/QMUIButton
    - QMUIKit/QMUIComponents/QMUIEmptyView
    - QMUIKit/QMUIComponents/QMUIPieProgressView
    - QMUIKit/QMUICore
    - QMUIKit/QMUIResources
  - QMUIKit/QMUICore (4.5.1):
    - QMUIKit/QMUILog
    - QMUIKit/QMUIWeakObjectContainer
  - QMUIKit/QMUILog (4.5.1)
  - QMUIKit/QMUIMainFrame (4.5.1):
    - QMUIKit/QMUIComponents/QMUIEmptyView
    - QMUIKit/QMUIComponents/QMUIKeyboardManager
    - QMUIKit/QMUIComponents/QMUIMultipleDelegates
    - QMUIKit/QMUIComponents/QMUINavigationTitleView
    - QMUIKit/QMUIComponents/QMUITableView
    - QMUIKit/QMUIComponents/QMUITableViewHeaderFooterView
    - QMUIKit/QMUICore
    - QMUIKit/QMUILog
  - QMUIKit/QMUIResources (4.5.1)
  - QMUIKit/QMUIWeakObjectContainer (4.5.1)
  - R.swift (7.7.0)
  - Reachability (3.7.6)
  - Result (4.1.0)
  - RxCocoa (6.8.0):
    - RxRelay (= 6.8.0)
    - RxSwift (= 6.8.0)
  - RxDataSources (5.0.0):
    - Differentiator (~> 5.0)
    - RxCocoa (~> 6.0)
    - RxSwift (~> 6.0)
  - RxGesture (4.0.4):
    - RxCocoa (~> 6.0)
    - RxSwift (~> 6.0)
  - RxKeyboard (2.0.0):
    - RxCocoa (~> 6.0)
    - RxSwift (~> 6.0)
  - RxRelay (6.8.0):
    - RxSwift (= 6.8.0)
  - RxSwift (6.8.0)
  - SDWebImage (5.19.7):
    - SDWebImage/Core (= 5.19.7)
  - SDWebImage/Core (5.19.7)
  - SGCodeTextField (0.1.4)
  - SnapKit (4.2.0)
  - SwifterSwift (6.2.0):
    - SwifterSwift/AppKit (= 6.2.0)
    - SwifterSwift/Combine (= 6.2.0)
    - SwifterSwift/CoreAnimation (= 6.2.0)
    - SwifterSwift/CoreGraphics (= 6.2.0)
    - SwifterSwift/CoreLocation (= 6.2.0)
    - SwifterSwift/CryptoKit (= 6.2.0)
    - SwifterSwift/Dispatch (= 6.2.0)
    - SwifterSwift/Foundation (= 6.2.0)
    - SwifterSwift/HealthKit (= 6.2.0)
    - SwifterSwift/MapKit (= 6.2.0)
    - SwifterSwift/SceneKit (= 6.2.0)
    - SwifterSwift/SpriteKit (= 6.2.0)
    - SwifterSwift/StoreKit (= 6.2.0)
    - SwifterSwift/SwiftStdlib (= 6.2.0)
    - SwifterSwift/UIKit (= 6.2.0)
    - SwifterSwift/WebKit (= 6.2.0)
  - SwifterSwift/AppKit (6.2.0)
  - SwifterSwift/Combine (6.2.0)
  - SwifterSwift/CoreAnimation (6.2.0)
  - SwifterSwift/CoreGraphics (6.2.0)
  - SwifterSwift/CoreLocation (6.2.0)
  - SwifterSwift/CryptoKit (6.2.0)
  - SwifterSwift/Dispatch (6.2.0)
  - SwifterSwift/Foundation (6.2.0)
  - SwifterSwift/HealthKit (6.2.0)
  - SwifterSwift/MapKit (6.2.0)
  - SwifterSwift/SceneKit (6.2.0)
  - SwifterSwift/SpriteKit (6.2.0)
  - SwifterSwift/StoreKit (6.2.0)
  - SwifterSwift/SwiftStdlib (6.2.0)
  - SwifterSwift/UIKit (6.2.0)
  - SwifterSwift/WebKit (6.2.0)
  - SwiftEventBus (5.0.0)
  - SwiftProtobuf (1.28.2)
  - TangramKit (1.4.2)
  - WebRTC-SDK (114.5735.10)
  - YYImage (1.0.4):
    - YYImage/Core (= 1.0.4)
  - YYImage/Core (1.0.4)
  - ZFPlayer (4.1.4):
    - ZFPlayer/Core (= 4.1.4)
  - ZFPlayer/AVPlayer (4.1.4):
    - ZFPlayer/Core
  - ZFPlayer/ControlView (4.1.4):
    - ZFPlayer/Core
  - ZFPlayer/Core (4.1.4)
  - ZLPhotoBrowser (4.4.8.2):
    - ZLPhotoBrowser/Core (= 4.4.8.2)
  - ZLPhotoBrowser/Core (4.4.8.2)

DEPENDENCIES:
  - AlamofireNetworkActivityLogger
  - BSText
  - Bugly
  - DynamicColor
  - InputBarAccessoryView (from `../3rd`)
  - ISEmojiView (from `../3rd`)
  - Kingfisher
  - LiveKitClient (from `https://github.com/livekit/client-sdk-swift.git`, tag `1.1.6`)
  - Localize-Swift (~> 3.2)
  - MBProgressHUD
  - MJRefresh
  - MMBAlertsPickers
  - Moya
  - "NSObject+Rx"
  - OpenIMSDK (from `../OpenIMSDK`)
  - OUICalling (from `../`)
  - OUICore (from `../`)
  - OUICoreView (from `../`)
  - OUIIM (from `../`)
  - OUILive (from `../`)
  - OUIMoments (from `../`)
  - ProgressHUD
  - QMUIKit (= 4.5.1)
  - R.swift
  - RxGesture (~> 4.0.4)
  - SDWebImage
  - SGCodeTextField
  - SnapKit
  - SwifterSwift
  - SwiftEventBus
  - TangramKit
  - ZFPlayer (from `../3rd`)
  - ZLPhotoBrowser (from `../3rd`)

SPEC REPOS:
  trunk:
    - Alamofire
    - AlamofireNetworkActivityLogger
    - BSText
    - Bugly
    - ChatLayout
    - DifferenceKit
    - Differentiator
    - DynamicColor
    - FDFullscreenPopGesture
    - IGListDiffKit
    - IGListKit
    - JXSegmentedView
    - Kingfisher
    - Lantern
    - Localize-Swift
    - Logging
    - lottie-ios
    - MBProgressHUD
    - MJExtension
    - MJRefresh
    - MMBAlertsPickers
    - Moya
    - "NSObject+Rx"
    - ProgressHUD
    - PromisesObjC
    - PromisesSwift
    - QMUIKit
    - R.swift
    - Reachability
    - Result
    - RxCocoa
    - RxDataSources
    - RxGesture
    - RxKeyboard
    - RxRelay
    - RxSwift
    - SDWebImage
    - SGCodeTextField
    - SnapKit
    - SwifterSwift
    - SwiftEventBus
    - SwiftProtobuf
    - TangramKit
    - WebRTC-SDK
    - YYImage

EXTERNAL SOURCES:
  InputBarAccessoryView:
    :path: "../3rd"
  ISEmojiView:
    :path: "../3rd"
  LiveKitClient:
    :git: https://github.com/livekit/client-sdk-swift.git
    :tag: 1.1.6
  OpenIMSDK:
    :path: "../OpenIMSDK"
  OUICalling:
    :path: "../"
  OUICore:
    :path: "../"
  OUICoreView:
    :path: "../"
  OUIIM:
    :path: "../"
  OUILive:
    :path: "../"
  OUIMoments:
    :path: "../"
  ZFPlayer:
    :path: "../3rd"
  ZLPhotoBrowser:
    :path: "../3rd"

CHECKOUT OPTIONS:
  LiveKitClient:
    :git: https://github.com/livekit/client-sdk-swift.git
    :tag: 1.1.6

SPEC CHECKSUMS:
  Alamofire: 85e8a02c69d6020a0d734f6054870d7ecb75cf18
  AlamofireNetworkActivityLogger: 6d3398c692d2c5d83b0c58793537860aca1e383d
  BSText: fde17ab2d7b591745f73a408de0eeed063009b6a
  Bugly: 217ac2ce5f0f2626d43dbaa4f70764c953a26a31
  ChatLayout: 004369aa1d00f6490660980c1af48a546388ea2e
  DifferenceKit: ab185c4d7f9cef8af3fcf593e5b387fb81e999ca
  Differentiator: e8497ceab83c1b10ca233716d547b9af21b9344d
  DynamicColor: d049834ef86d8ecf150b0ca1ebe54ee733a0ec22
  FDFullscreenPopGesture: a8a620179e3d9c40e8e00256dcee1c1a27c6d0f0
  IGListDiffKit: 665d6cf43ce726e676013db9c7d6c4294259b6b2
  IGListKit: fd5a5d21935298f5849fa49d426843cff97b77c7
  InputBarAccessoryView: 55a728753108bdba75a036ffe8db291abae5910e
  ISEmojiView: 55706bd486072bce5045aeffa4ca0273dead1f88
  JXSegmentedView: cd73555ce2134d1656db2cb383ba9c2f36fb5078
  Kingfisher: f043ac666dfc96c1f37604f93effb45a7ee3a3e1
  Lantern: b192e7146c6d04e15e627f37281254a6a8593703
  LiveKitClient: 9e5125032143099378286f8826f70f14849a9775
  Localize-Swift: 6f4475136bdb0d7b2882ea3d4ea919d70142b232
  Logging: beeb016c9c80cf77042d62e83495816847ef108b
  lottie-ios: c55158d67d0629a260625cc2ded2052b829e3c3e
  MBProgressHUD: 3ee5efcc380f6a79a7cc9b363dd669c5e1ae7406
  MJExtension: e97d164cb411aa9795cf576093a1fa208b4a8dd8
  MJRefresh: ff9e531227924c84ce459338414550a05d2aea78
  MMBAlertsPickers: d52d288114c7dad4e4f1282fb2b1f1189ccc117a
  Moya: f4a4b80ff2f8a4ffc208dfb31cd91636622fee6e
  "NSObject+Rx": 61cf1f7306a73dcef8b36649198af0813ec18dfd
  OpenIMSDK: 6eb7fa1ddd5a585c3988bb683a12f24e9a2f9efe
  OUICalling: ff367f345dded53fb1e8286e1bbc2327d5aeb55b
  OUICore: 1b287e9a7ab2ee02c869689e7a8771abbae4a82b
  OUICoreView: 138ee547a1285df05966960bf0043b72111fd921
  OUIIM: 646a1e30fb209d2ff4f4c5442575ab69b1399d4c
  OUILive: d4a566b03be7ee9592df2d3382fb5910e0c4d852
  OUIMoments: a6a2a9c584dc0bdd0f98ac1e9fc20c2841c43308
  ProgressHUD: abb9136ae23c85204236828562cb9a8ec98efb44
  PromisesObjC: f5707f49cb48b9636751c5b2e7d227e43fba9f47
  PromisesSwift: 9d77319bbe72ebf6d872900551f7eeba9bce2851
  QMUIKit: 3e717c45730ecdf5011ca76751990ad1a23ba7e1
  R.swift: 33e7082885d0c0bac7ae20ef7d2845a6a920ca11
  Reachability: fd0ecd23705e2599e4cceeb943222ae02296cbc6
  Result: bd966fac789cc6c1563440b348ab2598cc24d5c7
  RxCocoa: 2d33c1e1e5d66492052ad46b11024ae287572880
  RxDataSources: aa47cc1ed6c500fa0dfecac5c979b723542d79cf
  RxGesture: f3efb47ed2d26a8082f7b660d4a59970e275a7f8
  RxKeyboard: 4f5863f43b4ff0cbb2a20b94688d6b80c8a43c14
  RxRelay: 335c78b926a2aea8d863a6d25f1ed3b5ad8e8705
  RxSwift: 4e28be97cbcfeee614af26d83415febbf2bf6f45
  SDWebImage: 8a6b7b160b4d710e2a22b6900e25301075c34cb3
  SGCodeTextField: 6b65291a52a092c24bd08cc32873e024223b2371
  SnapKit: fe8a619752f3f27075cc9a90244d75c6c3f27e2a
  SwifterSwift: dd00873fb09cde19da88bdb2878f9fe70fe27b0f
  SwiftEventBus: b30f617a6aca5a9336464b4d3f5931034762f2d5
  SwiftProtobuf: 4dbaffec76a39a8dc5da23b40af1a5dc01a4c02d
  TangramKit: aad3ab8f9617418c9da96d59cddd71134ae8af83
  WebRTC-SDK: 8c0edd05b880a39648118192c252667ea06dea51
  YYImage: 1e1b62a9997399593e4b9c4ecfbbabbf1d3f3b54
  ZFPlayer: 5cf39e8d9f0c2394a014b0db4767b5b5a6bffe13
  ZLPhotoBrowser: cd023607d05a72d27a3ae57f50dbf86910713a2c

PODFILE CHECKSUM: 419f65c2b34a8a9a8ca6e4e615c50188d1de0988

COCOAPODS: 1.15.2
